
Microsoft Visual Studio Solution File, Format Version 12.00
Project("{2150E333-8FDC-42A3-9474-1A3956D46DE8}") = "src", "src", "{486E7156-CFF0-42E2-B7A6-12FB7E50D0AA}"
EndProject
Project("{2150E333-8FDC-42A3-9474-1A3956D46DE8}") = "tests", "tests", "{139907F3-6CF0-4708-B1F8-F6CDE026A6AC}"
EndProject
Project("{2150E333-8FDC-42A3-9474-1A3956D46DE8}") = "Apis", "Apis", "{FD459002-9EAB-49B8-9BD1-15434B35A3F0}"
EndProject
Project("{2150E333-8FDC-42A3-9474-1A3956D46DE8}") = "Common", "Common", "{4905C56E-86F6-4194-A013-F93F7A5D6B54}"
EndProject
Project("{FAE04EC0-301F-11D3-BF4B-00C04F79EFBC}") = "RecycleHub.Pg.Sdk", "src\RecycleHub.Pg.Sdk\RecycleHub.Pg.Sdk.csproj", "{63F0A5E6-F7A7-4B30-B164-927ECC83D5C3}"
EndProject
Project("{FAE04EC0-301F-11D3-BF4B-00C04F79EFBC}") = "RecycleHub.Utils", "src\RecycleHub.Utils\RecycleHub.Utils.csproj", "{EEC110C7-0E85-4CCA-AD79-09DC9E247A76}"
EndProject
Project("{FAE04EC0-301F-11D3-BF4B-00C04F79EFBC}") = "RecycleHub.Api", "src\RecycleHub.Api\RecycleHub.Api.csproj", "{789D8126-E956-4A3C-A564-DB2C4FF1826D}"
EndProject
Global
	GlobalSection(SolutionConfigurationPlatforms) = preSolution
		Debug|Any CPU = Debug|Any CPU
		Release|Any CPU = Release|Any CPU
	EndGlobalSection
	GlobalSection(NestedProjects) = preSolution
		{FD459002-9EAB-49B8-9BD1-15434B35A3F0} = {486E7156-CFF0-42E2-B7A6-12FB7E50D0AA}
		{4905C56E-86F6-4194-A013-F93F7A5D6B54} = {486E7156-CFF0-42E2-B7A6-12FB7E50D0AA}
		{63F0A5E6-F7A7-4B30-B164-927ECC83D5C3} = {4905C56E-86F6-4194-A013-F93F7A5D6B54}
		{EEC110C7-0E85-4CCA-AD79-09DC9E247A76} = {4905C56E-86F6-4194-A013-F93F7A5D6B54}
		{789D8126-E956-4A3C-A564-DB2C4FF1826D} = {FD459002-9EAB-49B8-9BD1-15434B35A3F0}
	EndGlobalSection
	GlobalSection(ProjectConfigurationPlatforms) = postSolution
		{63F0A5E6-F7A7-4B30-B164-927ECC83D5C3}.Debug|Any CPU.ActiveCfg = Debug|Any CPU
		{63F0A5E6-F7A7-4B30-B164-927ECC83D5C3}.Debug|Any CPU.Build.0 = Debug|Any CPU
		{63F0A5E6-F7A7-4B30-B164-927ECC83D5C3}.Release|Any CPU.ActiveCfg = Release|Any CPU
		{63F0A5E6-F7A7-4B30-B164-927ECC83D5C3}.Release|Any CPU.Build.0 = Release|Any CPU
		{EEC110C7-0E85-4CCA-AD79-09DC9E247A76}.Debug|Any CPU.ActiveCfg = Debug|Any CPU
		{EEC110C7-0E85-4CCA-AD79-09DC9E247A76}.Debug|Any CPU.Build.0 = Debug|Any CPU
		{EEC110C7-0E85-4CCA-AD79-09DC9E247A76}.Release|Any CPU.ActiveCfg = Release|Any CPU
		{EEC110C7-0E85-4CCA-AD79-09DC9E247A76}.Release|Any CPU.Build.0 = Release|Any CPU
		{789D8126-E956-4A3C-A564-DB2C4FF1826D}.Debug|Any CPU.ActiveCfg = Debug|Any CPU
		{789D8126-E956-4A3C-A564-DB2C4FF1826D}.Debug|Any CPU.Build.0 = Debug|Any CPU
		{789D8126-E956-4A3C-A564-DB2C4FF1826D}.Release|Any CPU.ActiveCfg = Release|Any CPU
		{789D8126-E956-4A3C-A564-DB2C4FF1826D}.Release|Any CPU.Build.0 = Release|Any CPU
	EndGlobalSection
EndGlobal
